
Microsoft Visual Studio Solution File, Format Version 12.00
# Visual Studio Version 17
VisualStudioVersion = 17.4.33205.214
MinimumVisualStudioVersion = 10.0.40219.1
Project("{FAE04EC0-301F-11D3-BF4B-00C04F79EFBC}") = "AwsApiProject", "AwsApiProject\src\AwsApiProject\AwsApiProject.csproj", "{53F5DA14-C1AF-46C2-BF1D-C22ADB29D75F}"
EndProject
Global
	GlobalSection(SolutionConfigurationPlatforms) = preSolution
		Debug|Any CPU = Debug|Any CPU
		Release|Any CPU = Release|Any CPU
	EndGlobalSection
	GlobalSection(ProjectConfigurationPlatforms) = postSolution
		{53F5DA14-C1AF-46C2-BF1D-C22ADB29D75F}.Debug|Any CPU.ActiveCfg = Debug|Any CPU
		{53F5DA14-C1AF-46C2-BF1D-C22ADB29D75F}.Debug|Any CPU.Build.0 = Debug|Any CPU
		{53F5DA14-C1AF-46C2-BF1D-C22ADB29D75F}.Release|Any CPU.ActiveCfg = Release|Any CPU
		{53F5DA14-C1AF-46C2-BF1D-C22ADB29D75F}.Release|Any CPU.Build.0 = Release|Any CPU
	EndGlobalSection
	GlobalSection(SolutionProperties) = preSolution
		HideSolutionNode = FALSE
	EndGlobalSection
	GlobalSection(ExtensibilityGlobals) = postSolution
		SolutionGuid = {0ACB02BC-AF81-4641-A5EF-216E75FB91A0}
	EndGlobalSection
EndGlobal
